// !$*UTF8*$!
{
	archiveVersion = 1;
	classes = {
	};
	objectVersion = 46;
	objects = {

/* Begin PBXBuildFile section */
		E10018331DF6FD4A00231774 /* AppDelegate.swift in Sources */ = {isa = PBXBuildFile; fileRef = E100181C1DF6FD4A00231774 /* AppDelegate.swift */; };
		E10018341DF6FD4A00231774 /* Assets.xcassets in Resources */ = {isa = PBXBuildFile; fileRef = E100181D1DF6FD4A00231774 /* Assets.xcassets */; };
		E10018351DF6FD4A00231774 /* LaunchScreen.storyboard in Resources */ = {isa = PBXBuildFile; fileRef = E100181F1DF6FD4A00231774 /* LaunchScreen.storyboard */; };
		E10018361DF6FD4A00231774 /* Main.storyboard in Resources */ = {isa = PBXBuildFile; fileRef = E10018211DF6FD4A00231774 /* Main.storyboard */; };
		E10018371DF6FD4A00231774 /* GameOver.swift in Sources */ = {isa = PBXBuildFile; fileRef = E10018231DF6FD4A00231774 /* GameOver.swift */; };
		E10018381DF6FD4A00231774 /* GameScene.sks in Resources */ = {isa = PBXBuildFile; fileRef = E10018241DF6FD4A00231774 /* GameScene.sks */; };
		E10018391DF6FD4A00231774 /* GameScene.swift in Sources */ = {isa = PBXBuildFile; fileRef = E10018251DF6FD4A00231774 /* GameScene.swift */; };
		E100183A1DF6FD4A00231774 /* GameViewController.swift in Sources */ = {isa = PBXBuildFile; fileRef = E10018261DF6FD4A00231774 /* GameViewController.swift */; };
		E100183B1DF6FD4A00231774 /* Info.plist in Resources */ = {isa = PBXBuildFile; fileRef = E10018271DF6FD4A00231774 /* Info.plist */; };
		E100183C1DF6FD4A00231774 /* BallTrail.sks in Resources */ = {isa = PBXBuildFile; fileRef = E10018291DF6FD4A00231774 /* BallTrail.sks */; };
		E100183D1DF6FD4A00231774 /* BrokenPlatform.sks in Resources */ = {isa = PBXBuildFile; fileRef = E100182A1DF6FD4A00231774 /* BrokenPlatform.sks */; };
		E100183E1DF6FD4A00231774 /* Playing.swift in Sources */ = {isa = PBXBuildFile; fileRef = E100182B1DF6FD4A00231774 /* Playing.swift */; };
		E100183F1DF6FD4A00231774 /* BambooBreak.wav in Resources */ = {isa = PBXBuildFile; fileRef = E100182D1DF6FD4A00231774 /* BambooBreak.wav */; };
		E10018401DF6FD4A00231774 /* game-over.wav in Resources */ = {isa = PBXBuildFile; fileRef = E100182E1DF6FD4A00231774 /* game-over.wav */; };
		E10018411DF6FD4A00231774 /* game-won.mp3 in Resources */ = {isa = PBXBuildFile; fileRef = E100182F1DF6FD4A00231774 /* game-won.mp3 */; };
		E10018421DF6FD4A00231774 /* paddleBlip.wav in Resources */ = {isa = PBXBuildFile; fileRef = E10018301DF6FD4A00231774 /* paddleBlip.wav */; };
		E10018431DF6FD4A00231774 /* pongblip.wav in Resources */ = {isa = PBXBuildFile; fileRef = E10018311DF6FD4A00231774 /* pongblip.wav */; };
		E10018441DF6FD4A00231774 /* WaitingForTap.swift in Sources */ = {isa = PBXBuildFile; fileRef = E10018321DF6FD4A00231774 /* WaitingForTap.swift */; };
/* End PBXBuildFile section */

/* Begin PBXFileReference section */
		E100181C1DF6FD4A00231774 /* AppDelegate.swift */ = {isa = PBXFileReference; fileEncoding = 4; lastKnownFileType = sourcecode.swift; name = AppDelegate.swift; path = ANTigravity/AppDelegate.swift; sourceTree = "<group>"; };
		E100181D1DF6FD4A00231774 /* Assets.xcassets */ = {isa = PBXFileReference; lastKnownFileType = folder.assetcatalog; name = Assets.xcassets; path = ANTigravity/Assets.xcassets; sourceTree = "<group>"; };
		E10018201DF6FD4A00231774 /* Base */ = {isa = PBXFileReference; lastKnownFileType = file.storyboard; name = Base; path = LaunchScreen.storyboard; sourceTree = "<group>"; };
		E10018221DF6FD4A00231774 /* Base */ = {isa = PBXFileReference; lastKnownFileType = file.storyboard; name = Base; path = Main.storyboard; sourceTree = "<group>"; };
		E10018231DF6FD4A00231774 /* GameOver.swift */ = {isa = PBXFileReference; fileEncoding = 4; lastKnownFileType = sourcecode.swift; name = GameOver.swift; path = ANTigravity/GameOver.swift; sourceTree = "<group>"; };
		E10018241DF6FD4A00231774 /* GameScene.sks */ = {isa = PBXFileReference; lastKnownFileType = file.sks; name = GameScene.sks; path = ANTigravity/GameScene.sks; sourceTree = "<group>"; };
		E10018251DF6FD4A00231774 /* GameScene.swift */ = {isa = PBXFileReference; fileEncoding = 4; lastKnownFileType = sourcecode.swift; name = GameScene.swift; path = ANTigravity/GameScene.swift; sourceTree = "<group>"; };
		E10018261DF6FD4A00231774 /* GameViewController.swift */ = {isa = PBXFileReference; fileEncoding = 4; lastKnownFileType = sourcecode.swift; name = GameViewController.swift; path = ANTigravity/GameViewController.swift; sourceTree = "<group>"; };
		E10018271DF6FD4A00231774 /* Info.plist */ = {isa = PBXFileReference; fileEncoding = 4; lastKnownFileType = text.plist.xml; name = Info.plist; path = ANTigravity/Info.plist; sourceTree = "<group>"; };
		E10018291DF6FD4A00231774 /* BallTrail.sks */ = {isa = PBXFileReference; lastKnownFileType = file.sks; path = BallTrail.sks; sourceTree = "<group>"; };
		E100182A1DF6FD4A00231774 /* BrokenPlatform.sks */ = {isa = PBXFileReference; lastKnownFileType = file.sks; path = BrokenPlatform.sks; sourceTree = "<group>"; };
		E100182B1DF6FD4A00231774 /* Playing.swift */ = {isa = PBXFileReference; fileEncoding = 4; lastKnownFileType = sourcecode.swift; name = Playing.swift; path = ANTigravity/Playing.swift; sourceTree = "<group>"; };
		E100182D1DF6FD4A00231774 /* BambooBreak.wav */ = {isa = PBXFileReference; lastKnownFileType = audio.wav; path = BambooBreak.wav; sourceTree = "<group>"; };
		E100182E1DF6FD4A00231774 /* game-over.wav */ = {isa = PBXFileReference; lastKnownFileType = audio.wav; path = "game-over.wav"; sourceTree = "<group>"; };
		E100182F1DF6FD4A00231774 /* game-won.mp3 */ = {isa = PBXFileReference; lastKnownFileType = audio.mp3; path = "game-won.mp3"; sourceTree = "<group>"; };
		E10018301DF6FD4A00231774 /* paddleBlip.wav */ = {isa = PBXFileReference; lastKnownFileType = audio.wav; path = paddleBlip.wav; sourceTree = "<group>"; };
		E10018311DF6FD4A00231774 /* pongblip.wav */ = {isa = PBXFileReference; lastKnownFileType = audio.wav; path = pongblip.wav; sourceTree = "<group>"; };
		E10018321DF6FD4A00231774 /* WaitingForTap.swift */ = {isa = PBXFileReference; fileEncoding = 4; lastKnownFileType = sourcecode.swift; name = WaitingForTap.swift; path = ANTigravity/WaitingForTap.swift; sourceTree = "<group>"; };
		F577B38B1CB81F840005E827 /* ANTigravity.app */ = {isa = PBXFileReference; explicitFileType = wrapper.application; includeInIndex = 0; path = ANTigravity.app; sourceTree = BUILT_PRODUCTS_DIR; };
/* End PBXFileReference section */

/* Begin PBXFrameworksBuildPhase section */
		F577B3881CB81F840005E827 /* Frameworks */ = {
			isa = PBXFrameworksBuildPhase;
			buildActionMask = 2147483647;
			files = (
			);
			runOnlyForDeploymentPostprocessing = 0;
		};
/* End PBXFrameworksBuildPhase section */

/* Begin PBXGroup section */
		E100181E1DF6FD4A00231774 /* Base.lproj */ = {
			isa = PBXGroup;
			children = (
				E100181F1DF6FD4A00231774 /* LaunchScreen.storyboard */,
				E10018211DF6FD4A00231774 /* Main.storyboard */,
			);
			name = Base.lproj;
			path = ANTigravity/Base.lproj;
			sourceTree = "<group>";
		};
		E10018281DF6FD4A00231774 /* Particles */ = {
			isa = PBXGroup;
			children = (
				E10018291DF6FD4A00231774 /* BallTrail.sks */,
				E100182A1DF6FD4A00231774 /* BrokenPlatform.sks */,
			);
			name = Particles;
			path = ANTigravity/Particles;
			sourceTree = "<group>";
		};
		E100182C1DF6FD4A00231774 /* Sounds */ = {
			isa = PBXGroup;
			children = (
				E100182D1DF6FD4A00231774 /* BambooBreak.wav */,
				E100182E1DF6FD4A00231774 /* game-over.wav */,
				E100182F1DF6FD4A00231774 /* game-won.mp3 */,
				E10018301DF6FD4A00231774 /* paddleBlip.wav */,
				E10018311DF6FD4A00231774 /* pongblip.wav */,
			);
			name = Sounds;
			path = ANTigravity/Sounds;
			sourceTree = "<group>";
		};
		F577B3821CB81F840005E827 = {
			isa = PBXGroup;
			children = (
				E100181C1DF6FD4A00231774 /* AppDelegate.swift */,
				E100181D1DF6FD4A00231774 /* Assets.xcassets */,
				E100181E1DF6FD4A00231774 /* Base.lproj */,
				E10018231DF6FD4A00231774 /* GameOver.swift */,
				E10018241DF6FD4A00231774 /* GameScene.sks */,
				E10018251DF6FD4A00231774 /* GameScene.swift */,
				E10018261DF6FD4A00231774 /* GameViewController.swift */,
				E10018271DF6FD4A00231774 /* Info.plist */,
				E10018281DF6FD4A00231774 /* Particles */,
				E100182B1DF6FD4A00231774 /* Playing.swift */,
				E100182C1DF6FD4A00231774 /* Sounds */,
				E10018321DF6FD4A00231774 /* WaitingForTap.swift */,
				F577B38C1CB81F840005E827 /* Products */,
			);
			sourceTree = "<group>";
		};
		F577B38C1CB81F840005E827 /* Products */ = {
			isa = PBXGroup;
			children = (
				F577B38B1CB81F840005E827 /* ANTigravity.app */,
			);
			name = Products;
			sourceTree = "<group>";
		};
/* End PBXGroup section */

/* Begin PBXNativeTarget section */
		F577B38A1CB81F840005E827 /* ANTigravity */ = {
			isa = PBXNativeTarget;
			buildConfigurationList = F577B3A11CB81F840005E827 /* Build configuration list for PBXNativeTarget "ANTigravity" */;
			buildPhases = (
				F577B3871CB81F840005E827 /* Sources */,
				F577B3881CB81F840005E827 /* Frameworks */,
				F577B3891CB81F840005E827 /* Resources */,
			);
			buildRules = (
			);
			dependencies = (
			);
			name = ANTigravity;
			productName = "Bamboo Breakout";
			productReference = F577B38B1CB81F840005E827 /* ANTigravity.app */;
			productType = "com.apple.product-type.application";
		};
/* End PBXNativeTarget section */

/* Begin PBXProject section */
		F577B3831CB81F840005E827 /* Project object */ = {
			isa = PBXProject;
			attributes = {
				LastSwiftUpdateCheck = 0730;
				LastUpgradeCheck = 0800;
				ORGANIZATIONNAME = "Razeware LLC.";
				TargetAttributes = {
					F577B38A1CB81F840005E827 = {
						CreatedOnToolsVersion = 7.3;
						DevelopmentTeam = ZRWVQTGDLK;
						LastSwiftMigration = 0800;
					};
				};
			};
			buildConfigurationList = F577B3861CB81F840005E827 /* Build configuration list for PBXProject "ANTigravity" */;
			compatibilityVersion = "Xcode 3.2";
			developmentRegion = English;
			hasScannedForEncodings = 0;
			knownRegions = (
				en,
				Base,
			);
			mainGroup = F577B3821CB81F840005E827;
			productRefGroup = F577B38C1CB81F840005E827 /* Products */;
			projectDirPath = "";
			projectRoot = "";
			targets = (
				F577B38A1CB81F840005E827 /* ANTigravity */,
			);
		};
/* End PBXProject section */

/* Begin PBXResourcesBuildPhase section */
		F577B3891CB81F840005E827 /* Resources */ = {
			isa = PBXResourcesBuildPhase;
			buildActionMask = 2147483647;
			files = (
				E100183D1DF6FD4A00231774 /* BrokenPlatform.sks in Resources */,
				E100183C1DF6FD4A00231774 /* BallTrail.sks in Resources */,
				E10018381DF6FD4A00231774 /* GameScene.sks in Resources */,
				E100183F1DF6FD4A00231774 /* BambooBreak.wav in Resources */,
				E10018421DF6FD4A00231774 /* paddleBlip.wav in Resources */,
				E10018431DF6FD4A00231774 /* pongblip.wav in Resources */,
				E10018361DF6FD4A00231774 /* Main.storyboard in Resources */,
				E10018341DF6FD4A00231774 /* Assets.xcassets in Resources */,
				E10018411DF6FD4A00231774 /* game-won.mp3 in Resources */,
				E100183B1DF6FD4A00231774 /* Info.plist in Resources */,
				E10018401DF6FD4A00231774 /* game-over.wav in Resources */,
				E10018351DF6FD4A00231774 /* LaunchScreen.storyboard in Resources */,
			);
			runOnlyForDeploymentPostprocessing = 0;
		};
/* End PBXResourcesBuildPhase section */

/* Begin PBXSourcesBuildPhase section */
		F577B3871CB81F840005E827 /* Sources */ = {
			isa = PBXSourcesBuildPhase;
			buildActionMask = 2147483647;
			files = (
				E100183A1DF6FD4A00231774 /* GameViewController.swift in Sources */,
				E10018441DF6FD4A00231774 /* WaitingForTap.swift in Sources */,
				E100183E1DF6FD4A00231774 /* Playing.swift in Sources */,
				E10018391DF6FD4A00231774 /* GameScene.swift in Sources */,
				E10018331DF6FD4A00231774 /* AppDelegate.swift in Sources */,
				E10018371DF6FD4A00231774 /* GameOver.swift in Sources */,
			);
			runOnlyForDeploymentPostprocessing = 0;
		};
/* End PBXSourcesBuildPhase section */

/* Begin PBXVariantGroup section */
		E100181F1DF6FD4A00231774 /* LaunchScreen.storyboard */ = {
			isa = PBXVariantGroup;
			children = (
				E10018201DF6FD4A00231774 /* Base */,
			);
			name = LaunchScreen.storyboard;
			sourceTree = "<group>";
		};
		E10018211DF6FD4A00231774 /* Main.storyboard */ = {
			isa = PBXVariantGroup;
			children = (
				E10018221DF6FD4A00231774 /* Base */,
			);
			name = Main.storyboard;
			sourceTree = "<group>";
		};
/* End PBXVariantGroup section */

/* Begin XCBuildConfiguration section */
		F577B39F1CB81F840005E827 /* Debug */ = {
			isa = XCBuildConfiguration;
			buildSettings = {
				ALWAYS_SEARCH_USER_PATHS = NO;
				CLANG_ANALYZER_NONNULL = YES;
				CLANG_CXX_LANGUAGE_STANDARD = "gnu++0x";
				CLANG_CXX_LIBRARY = "libc++";
				CLANG_ENABLE_MODULES = YES;
				CLANG_ENABLE_OBJC_ARC = YES;
				CLANG_WARN_BOOL_CONVERSION = YES;
				CLANG_WARN_CONSTANT_CONVERSION = YES;
				CLANG_WARN_DIRECT_OBJC_ISA_USAGE = YES_ERROR;
				CLANG_WARN_EMPTY_BODY = YES;
				CLANG_WARN_ENUM_CONVERSION = YES;
				CLANG_WARN_INFINITE_RECURSION = YES;
				CLANG_WARN_INT_CONVERSION = YES;
				CLANG_WARN_OBJC_ROOT_CLASS = YES_ERROR;
				CLANG_WARN_SUSPICIOUS_MOVE = YES;
				CLANG_WARN_UNREACHABLE_CODE = YES;
				CLANG_WARN__DUPLICATE_METHOD_MATCH = YES;
				"CODE_SIGN_IDENTITY[sdk=iphoneos*]" = "iPhone Developer";
				COPY_PHASE_STRIP = NO;
				DEBUG_INFORMATION_FORMAT = "dwarf-with-dsym";
				ENABLE_STRICT_OBJC_MSGSEND = YES;
				ENABLE_TESTABILITY = YES;
				GCC_C_LANGUAGE_STANDARD = gnu99;
				GCC_DYNAMIC_NO_PIC = NO;
				GCC_NO_COMMON_BLOCKS = YES;
				GCC_OPTIMIZATION_LEVEL = 0;
				GCC_PREPROCESSOR_DEFINITIONS = (
					"DEBUG=1",
					"$(inherited)",
				);
				GCC_WARN_64_TO_32_BIT_CONVERSION = YES;
				GCC_WARN_ABOUT_RETURN_TYPE = YES_ERROR;
				GCC_WARN_UNDECLARED_SELECTOR = YES;
				GCC_WARN_UNINITIALIZED_AUTOS = YES_AGGRESSIVE;
				GCC_WARN_UNUSED_FUNCTION = YES;
				GCC_WARN_UNUSED_VARIABLE = YES;
				IPHONEOS_DEPLOYMENT_TARGET = 9.3;
				MTL_ENABLE_DEBUG_INFO = YES;
				ONLY_ACTIVE_ARCH = YES;
				SDKROOT = iphoneos;
				SWIFT_OPTIMIZATION_LEVEL = "-Onone";
				TARGETED_DEVICE_FAMILY = "1,2";
			};
			name = Debug;
		};
		F577B3A01CB81F840005E827 /* Release */ = {
			isa = XCBuildConfiguration;
			buildSettings = {
				ALWAYS_SEARCH_USER_PATHS = NO;
				CLANG_ANALYZER_NONNULL = YES;
				CLANG_CXX_LANGUAGE_STANDARD = "gnu++0x";
				CLANG_CXX_LIBRARY = "libc++";
				CLANG_ENABLE_MODULES = YES;
				CLANG_ENABLE_OBJC_ARC = YES;
				CLANG_WARN_BOOL_CONVERSION = YES;
				CLANG_WARN_CONSTANT_CONVERSION = YES;
				CLANG_WARN_DIRECT_OBJC_ISA_USAGE = YES_ERROR;
				CLANG_WARN_EMPTY_BODY = YES;
				CLANG_WARN_ENUM_CONVERSION = YES;
				CLANG_WARN_INFINITE_RECURSION = YES;
				CLANG_WARN_INT_CONVERSION = YES;
				CLANG_WARN_OBJC_ROOT_CLASS = YES_ERROR;
				CLANG_WARN_SUSPICIOUS_MOVE = YES;
				CLANG_WARN_UNREACHABLE_CODE = YES;
				CLANG_WARN__DUPLICATE_METHOD_MATCH = YES;
				"CODE_SIGN_IDENTITY[sdk=iphoneos*]" = "iPhone Developer";
				COPY_PHASE_STRIP = NO;
				DEBUG_INFORMATION_FORMAT = "dwarf-with-dsym";
				ENABLE_NS_ASSERTIONS = NO;
				ENABLE_STRICT_OBJC_MSGSEND = YES;
				GCC_C_LANGUAGE_STANDARD = gnu99;
				GCC_NO_COMMON_BLOCKS = YES;
				GCC_WARN_64_TO_32_BIT_CONVERSION = YES;
				GCC_WARN_ABOUT_RETURN_TYPE = YES_ERROR;
				GCC_WARN_UNDECLARED_SELECTOR = YES;
				GCC_WARN_UNINITIALIZED_AUTOS = YES_AGGRESSIVE;
				GCC_WARN_UNUSED_FUNCTION = YES;
				GCC_WARN_UNUSED_VARIABLE = YES;
				IPHONEOS_DEPLOYMENT_TARGET = 9.3;
				MTL_ENABLE_DEBUG_INFO = NO;
				SDKROOT = iphoneos;
				SWIFT_OPTIMIZATION_LEVEL = "-Owholemodule";
				TARGETED_DEVICE_FAMILY = "1,2";
				VALIDATE_PRODUCT = YES;
			};
			name = Release;
		};
		F577B3A21CB81F840005E827 /* Debug */ = {
			isa = XCBuildConfiguration;
			buildSettings = {
				ASSETCATALOG_COMPILER_APPICON_NAME = AppIcon;
				DEVELOPMENT_TEAM = ZRWVQTGDLK;
				INFOPLIST_FILE = "$(SRCROOT)/ANTigravity/Info.plist";
				LD_RUNPATH_SEARCH_PATHS = "$(inherited) @executable_path/Frameworks";
				PRODUCT_BUNDLE_IDENTIFIER = BrendaCarrocino.ANTigravity;
				PRODUCT_NAME = "$(TARGET_NAME)";
				SWIFT_VERSION = 3.0;
			};
			name = Debug;
		};
		F577B3A31CB81F840005E827 /* Release */ = {
			isa = XCBuildConfiguration;
			buildSettings = {
				ASSETCATALOG_COMPILER_APPICON_NAME = AppIcon;
				DEVELOPMENT_TEAM = ZRWVQTGDLK;
				INFOPLIST_FILE = "$(SRCROOT)/ANTigravity/Info.plist";
				LD_RUNPATH_SEARCH_PATHS = "$(inherited) @executable_path/Frameworks";
				PRODUCT_BUNDLE_IDENTIFIER = BrendaCarrocino.ANTigravity;
				PRODUCT_NAME = "$(TARGET_NAME)";
				SWIFT_VERSION = 3.0;
			};
			name = Release;
		};
/* End XCBuildConfiguration section */

/* Begin XCConfigurationList section */
		F577B3861CB81F840005E827 /* Build configuration list for PBXProject "ANTigravity" */ = {
			isa = XCConfigurationList;
			buildConfigurations = (
				F577B39F1CB81F840005E827 /* Debug */,
				F577B3A01CB81F840005E827 /* Release */,
			);
			defaultConfigurationIsVisible = 0;
			defaultConfigurationName = Release;
		};
		F577B3A11CB81F840005E827 /* Build configuration list for PBXNativeTarget "ANTigravity" */ = {
			isa = XCConfigurationList;
			buildConfigurations = (
				F577B3A21CB81F840005E827 /* Debug */,
				F577B3A31CB81F840005E827 /* Release */,
			);
			defaultConfigurationIsVisible = 0;
			defaultConfigurationName = Release;
		};
/* End XCConfigurationList section */
	};
	rootObject = F577B3831CB81F840005E827 /* Project object */;
}
